
Microsoft Visual Studio Solution File, Format Version 12.00
# Visual Studio 15
VisualStudioVersion = 15.0.28010.2036
MinimumVisualStudioVersion = 10.0.40219.1
Project("{9A19103F-16F7-4668-BE54-9A1E7A4F7556}") = "CraftLogs", "CraftLogs\CraftLogs\CraftLogs.csproj", "{A60B6B3C-5FAC-4A96-9D22-ADE9562C5B8C}"
EndProject
Project("{FAE04EC0-301F-11D3-BF4B-00C04F79EFBC}") = "CraftLogs.Android", "CraftLogs\CraftLogs.Android\CraftLogs.Android.csproj", "{38D8493D-ECF5-4796-A3E7-E0398C36022E}"
EndProject
Project("{9A19103F-16F7-4668-BE54-9A1E7A4F7556}") = "CraftLogs.Views", "CraftLogs\CraftLogs.Views\CraftLogs.Views.csproj", "{FCE9B80C-2FBF-4937-96C0-44FDB8650161}"
EndProject
Project("{9A19103F-16F7-4668-BE54-9A1E7A4F7556}") = "CraftLogs.ViewModels", "CraftLogs\CraftLogs.ViewModels\CraftLogs.ViewModels.csproj", "{9E364545-4723-4D88-AD71-487B9F93486D}"
EndProject
Project("{9A19103F-16F7-4668-BE54-9A1E7A4F7556}") = "CraftLogs.Values", "CraftLogs\CraftLogs.Values\CraftLogs.Values.csproj", "{478CF2D5-4392-4D50-AB7F-C7C81EE342E7}"
EndProject
Project("{9A19103F-16F7-4668-BE54-9A1E7A4F7556}") = "CraftLogs.BLL", "CraftLogs\CraftLogs.BLL\CraftLogs.BLL.csproj", "{6DFFC157-D5AF-4FBC-B6F6-63B4693B2F65}"
EndProject
Global
	GlobalSection(SolutionConfigurationPlatforms) = preSolution
		Debug|Any CPU = Debug|Any CPU
		Production|Any CPU = Production|Any CPU
		Release|Any CPU = Release|Any CPU
		Staging|Any CPU = Staging|Any CPU
	EndGlobalSection
	GlobalSection(ProjectConfigurationPlatforms) = postSolution
		{A60B6B3C-5FAC-4A96-9D22-ADE9562C5B8C}.Debug|Any CPU.ActiveCfg = Debug|Any CPU
		{A60B6B3C-5FAC-4A96-9D22-ADE9562C5B8C}.Debug|Any CPU.Build.0 = Debug|Any CPU
		{A60B6B3C-5FAC-4A96-9D22-ADE9562C5B8C}.Production|Any CPU.ActiveCfg = Production|Any CPU
		{A60B6B3C-5FAC-4A96-9D22-ADE9562C5B8C}.Production|Any CPU.Build.0 = Production|Any CPU
		{A60B6B3C-5FAC-4A96-9D22-ADE9562C5B8C}.Release|Any CPU.ActiveCfg = Debug|Any CPU
		{A60B6B3C-5FAC-4A96-9D22-ADE9562C5B8C}.Release|Any CPU.Build.0 = Debug|Any CPU
		{A60B6B3C-5FAC-4A96-9D22-ADE9562C5B8C}.Staging|Any CPU.ActiveCfg = Staging|Any CPU
		{A60B6B3C-5FAC-4A96-9D22-ADE9562C5B8C}.Staging|Any CPU.Build.0 = Staging|Any CPU
		{38D8493D-ECF5-4796-A3E7-E0398C36022E}.Debug|Any CPU.ActiveCfg = Debug|Any CPU
		{38D8493D-ECF5-4796-A3E7-E0398C36022E}.Debug|Any CPU.Build.0 = Debug|Any CPU
		{38D8493D-ECF5-4796-A3E7-E0398C36022E}.Debug|Any CPU.Deploy.0 = Debug|Any CPU
		{38D8493D-ECF5-4796-A3E7-E0398C36022E}.Production|Any CPU.ActiveCfg = Production|Any CPU
		{38D8493D-ECF5-4796-A3E7-E0398C36022E}.Production|Any CPU.Build.0 = Production|Any CPU
		{38D8493D-ECF5-4796-A3E7-E0398C36022E}.Production|Any CPU.Deploy.0 = Production|Any CPU
		{38D8493D-ECF5-4796-A3E7-E0398C36022E}.Release|Any CPU.ActiveCfg = Debug|Any CPU
		{38D8493D-ECF5-4796-A3E7-E0398C36022E}.Release|Any CPU.Build.0 = Debug|Any CPU
		{38D8493D-ECF5-4796-A3E7-E0398C36022E}.Release|Any CPU.Deploy.0 = Debug|Any CPU
		{38D8493D-ECF5-4796-A3E7-E0398C36022E}.Staging|Any CPU.ActiveCfg = Staging|Any CPU
		{38D8493D-ECF5-4796-A3E7-E0398C36022E}.Staging|Any CPU.Build.0 = Staging|Any CPU
		{38D8493D-ECF5-4796-A3E7-E0398C36022E}.Staging|Any CPU.Deploy.0 = Staging|Any CPU
		{FCE9B80C-2FBF-4937-96C0-44FDB8650161}.Debug|Any CPU.ActiveCfg = Debug|Any CPU
		{FCE9B80C-2FBF-4937-96C0-44FDB8650161}.Debug|Any CPU.Build.0 = Debug|Any CPU
		{FCE9B80C-2FBF-4937-96C0-44FDB8650161}.Production|Any CPU.ActiveCfg = Production|Any CPU
		{FCE9B80C-2FBF-4937-96C0-44FDB8650161}.Production|Any CPU.Build.0 = Production|Any CPU
		{FCE9B80C-2FBF-4937-96C0-44FDB8650161}.Release|Any CPU.ActiveCfg = Debug|Any CPU
		{FCE9B80C-2FBF-4937-96C0-44FDB8650161}.Release|Any CPU.Build.0 = Debug|Any CPU
		{FCE9B80C-2FBF-4937-96C0-44FDB8650161}.Staging|Any CPU.ActiveCfg = Staging|Any CPU
		{FCE9B80C-2FBF-4937-96C0-44FDB8650161}.Staging|Any CPU.Build.0 = Staging|Any CPU
		{9E364545-4723-4D88-AD71-487B9F93486D}.Debug|Any CPU.ActiveCfg = Debug|Any CPU
		{9E364545-4723-4D88-AD71-487B9F93486D}.Debug|Any CPU.Build.0 = Debug|Any CPU
		{9E364545-4723-4D88-AD71-487B9F93486D}.Production|Any CPU.ActiveCfg = Production|Any CPU
		{9E364545-4723-4D88-AD71-487B9F93486D}.Production|Any CPU.Build.0 = Production|Any CPU
		{9E364545-4723-4D88-AD71-487B9F93486D}.Release|Any CPU.ActiveCfg = Debug|Any CPU
		{9E364545-4723-4D88-AD71-487B9F93486D}.Release|Any CPU.Build.0 = Debug|Any CPU
		{9E364545-4723-4D88-AD71-487B9F93486D}.Staging|Any CPU.ActiveCfg = Staging|Any CPU
		{9E364545-4723-4D88-AD71-487B9F93486D}.Staging|Any CPU.Build.0 = Staging|Any CPU
		{478CF2D5-4392-4D50-AB7F-C7C81EE342E7}.Debug|Any CPU.ActiveCfg = Debug|Any CPU
		{478CF2D5-4392-4D50-AB7F-C7C81EE342E7}.Debug|Any CPU.Build.0 = Debug|Any CPU
		{478CF2D5-4392-4D50-AB7F-C7C81EE342E7}.Production|Any CPU.ActiveCfg = Production|Any CPU
		{478CF2D5-4392-4D50-AB7F-C7C81EE342E7}.Production|Any CPU.Build.0 = Production|Any CPU
		{478CF2D5-4392-4D50-AB7F-C7C81EE342E7}.Release|Any CPU.ActiveCfg = Debug|Any CPU
		{478CF2D5-4392-4D50-AB7F-C7C81EE342E7}.Release|Any CPU.Build.0 = Debug|Any CPU
		{478CF2D5-4392-4D50-AB7F-C7C81EE342E7}.Staging|Any CPU.ActiveCfg = Staging|Any CPU
		{478CF2D5-4392-4D50-AB7F-C7C81EE342E7}.Staging|Any CPU.Build.0 = Staging|Any CPU
		{6DFFC157-D5AF-4FBC-B6F6-63B4693B2F65}.Debug|Any CPU.ActiveCfg = Debug|Any CPU
		{6DFFC157-D5AF-4FBC-B6F6-63B4693B2F65}.Debug|Any CPU.Build.0 = Debug|Any CPU
		{6DFFC157-D5AF-4FBC-B6F6-63B4693B2F65}.Production|Any CPU.ActiveCfg = Production|Any CPU
		{6DFFC157-D5AF-4FBC-B6F6-63B4693B2F65}.Production|Any CPU.Build.0 = Production|Any CPU
		{6DFFC157-D5AF-4FBC-B6F6-63B4693B2F65}.Release|Any CPU.ActiveCfg = Debug|Any CPU
		{6DFFC157-D5AF-4FBC-B6F6-63B4693B2F65}.Release|Any CPU.Build.0 = Debug|Any CPU
		{6DFFC157-D5AF-4FBC-B6F6-63B4693B2F65}.Staging|Any CPU.ActiveCfg = Staging|Any CPU
		{6DFFC157-D5AF-4FBC-B6F6-63B4693B2F65}.Staging|Any CPU.Build.0 = Staging|Any CPU
	EndGlobalSection
	GlobalSection(SolutionProperties) = preSolution
		HideSolutionNode = FALSE
	EndGlobalSection
	GlobalSection(ExtensibilityGlobals) = postSolution
		SolutionGuid = {4788D80D-74B4-4E06-B026-9B28CE9518C4}
	EndGlobalSection
EndGlobal
